
Microsoft Visual Studio Solution File, Format Version 12.00
# Visual Studio Version 17
VisualStudioVersion = 17.10.35013.160
MinimumVisualStudioVersion = 10.0.40219.1
Project("{FAE04EC0-301F-11D3-BF4B-00C04F79EFBC}") = "DeğişkenlerUygulama", "DeğişkenlerUygulama\DeğişkenlerUygulama.csproj", "{D6B4D5AD-06E3-48B5-8119-6B2F283FB664}"
EndProject
Global
	GlobalSection(SolutionConfigurationPlatforms) = preSolution
		Debug|Any CPU = Debug|Any CPU
		Release|Any CPU = Release|Any CPU
	EndGlobalSection
	GlobalSection(ProjectConfigurationPlatforms) = postSolution
		{D6B4D5AD-06E3-48B5-8119-6B2F283FB664}.Debug|Any CPU.ActiveCfg = Debug|Any CPU
		{D6B4D5AD-06E3-48B5-8119-6B2F283FB664}.Debug|Any CPU.Build.0 = Debug|Any CPU
		{D6B4D5AD-06E3-48B5-8119-6B2F283FB664}.Release|Any CPU.ActiveCfg = Release|Any CPU
		{D6B4D5AD-06E3-48B5-8119-6B2F283FB664}.Release|Any CPU.Build.0 = Release|Any CPU
	EndGlobalSection
	GlobalSection(SolutionProperties) = preSolution
		HideSolutionNode = FALSE
	EndGlobalSection
	GlobalSection(ExtensibilityGlobals) = postSolution
		SolutionGuid = {2D4FDDF5-DA27-46BD-9A0C-E1682689001F}
	EndGlobalSection
EndGlobal
